// !$*UTF8*$!
{
	archiveVersion = 1;
	classes = {
	};
	objectVersion = 51;
	objects = {

/* Begin PBXBuildFile section */
		2502299726B0154B00340E58 /* AppDelegate.swift in Sources */ = {isa = PBXBuildFile; fileRef = 2502299626B0154B00340E58 /* AppDelegate.swift */; };
		2502299926B0154B00340E58 /* SceneDelegate.swift in Sources */ = {isa = PBXBuildFile; fileRef = 2502299826B0154B00340E58 /* SceneDelegate.swift */; };
		2502299B26B0154B00340E58 /* ViewController.swift in Sources */ = {isa = PBXBuildFile; fileRef = 2502299A26B0154B00340E58 /* ViewController.swift */; };
		250229A026B0154F00340E58 /* Assets.xcassets in Resources */ = {isa = PBXBuildFile; fileRef = 2502299F26B0154F00340E58 /* Assets.xcassets */; };
		250229A326B0154F00340E58 /* LaunchScreen.storyboard in Resources */ = {isa = PBXBuildFile; fileRef = 250229A126B0154F00340E58 /* LaunchScreen.storyboard */; };
		250229AB26B0174600340E58 /* AllExtensions.swift in Sources */ = {isa = PBXBuildFile; fileRef = 250229AA26B0174600340E58 /* AllExtensions.swift */; };
		250229AD26B0189200340E58 /* CollectionViewCell.swift in Sources */ = {isa = PBXBuildFile; fileRef = 250229AC26B0189200340E58 /* CollectionViewCell.swift */; };
		250229AF26B01DF000340E58 /* PostModel.swift in Sources */ = {isa = PBXBuildFile; fileRef = 250229AE26B01DF000340E58 /* PostModel.swift */; };
		2542CF5A26B2C51900DB6BE9 /* PostViewModel.swift in Sources */ = {isa = PBXBuildFile; fileRef = 2542CF5926B2C51900DB6BE9 /* PostViewModel.swift */; };
		25A08B7726B1A25600FC5933 /* API Service.swift in Sources */ = {isa = PBXBuildFile; fileRef = 25A08B7626B1A25600FC5933 /* API Service.swift */; };
		A9C34E29064B2098C77ED13F /* Pods_cmtt_test.framework in Frameworks */ = {isa = PBXBuildFile; fileRef = 6B8C316CF836834BA1F560F1 /* Pods_cmtt_test.framework */; };
/* End PBXBuildFile section */

/* Begin PBXFileReference section */
		2502299326B0154B00340E58 /* cmtt-test.app */ = {isa = PBXFileReference; explicitFileType = wrapper.application; includeInIndex = 0; path = "cmtt-test.app"; sourceTree = BUILT_PRODUCTS_DIR; };
		2502299626B0154B00340E58 /* AppDelegate.swift */ = {isa = PBXFileReference; lastKnownFileType = sourcecode.swift; path = AppDelegate.swift; sourceTree = "<group>"; };
		2502299826B0154B00340E58 /* SceneDelegate.swift */ = {isa = PBXFileReference; lastKnownFileType = sourcecode.swift; path = SceneDelegate.swift; sourceTree = "<group>"; };
		2502299A26B0154B00340E58 /* ViewController.swift */ = {isa = PBXFileReference; lastKnownFileType = sourcecode.swift; path = ViewController.swift; sourceTree = "<group>"; };
		2502299F26B0154F00340E58 /* Assets.xcassets */ = {isa = PBXFileReference; lastKnownFileType = folder.assetcatalog; path = Assets.xcassets; sourceTree = "<group>"; };
		250229A226B0154F00340E58 /* Base */ = {isa = PBXFileReference; lastKnownFileType = file.storyboard; name = Base; path = Base.lproj/LaunchScreen.storyboard; sourceTree = "<group>"; };
		250229A426B0154F00340E58 /* Info.plist */ = {isa = PBXFileReference; lastKnownFileType = text.plist.xml; path = Info.plist; sourceTree = "<group>"; };
		250229AA26B0174600340E58 /* AllExtensions.swift */ = {isa = PBXFileReference; lastKnownFileType = sourcecode.swift; path = AllExtensions.swift; sourceTree = "<group>"; };
		250229AC26B0189200340E58 /* CollectionViewCell.swift */ = {isa = PBXFileReference; lastKnownFileType = sourcecode.swift; path = CollectionViewCell.swift; sourceTree = "<group>"; };
		250229AE26B01DF000340E58 /* PostModel.swift */ = {isa = PBXFileReference; lastKnownFileType = sourcecode.swift; path = PostModel.swift; sourceTree = "<group>"; };
		2542CF5926B2C51900DB6BE9 /* PostViewModel.swift */ = {isa = PBXFileReference; lastKnownFileType = sourcecode.swift; path = PostViewModel.swift; sourceTree = "<group>"; };
		25A08B7626B1A25600FC5933 /* API Service.swift */ = {isa = PBXFileReference; lastKnownFileType = sourcecode.swift; path = "API Service.swift"; sourceTree = "<group>"; };
		6B8C316CF836834BA1F560F1 /* Pods_cmtt_test.framework */ = {isa = PBXFileReference; explicitFileType = wrapper.framework; includeInIndex = 0; path = Pods_cmtt_test.framework; sourceTree = BUILT_PRODUCTS_DIR; };
		7AB5EC1A1B297ED0D1BED2A6 /* Pods-cmtt-test.release.xcconfig */ = {isa = PBXFileReference; includeInIndex = 1; lastKnownFileType = text.xcconfig; name = "Pods-cmtt-test.release.xcconfig"; path = "Target Support Files/Pods-cmtt-test/Pods-cmtt-test.release.xcconfig"; sourceTree = "<group>"; };
		DDF280E9246123DE4785C299 /* Pods-cmtt-test.debug.xcconfig */ = {isa = PBXFileReference; includeInIndex = 1; lastKnownFileType = text.xcconfig; name = "Pods-cmtt-test.debug.xcconfig"; path = "Target Support Files/Pods-cmtt-test/Pods-cmtt-test.debug.xcconfig"; sourceTree = "<group>"; };
/* End PBXFileReference section */

/* Begin PBXFrameworksBuildPhase section */
		2502299026B0154B00340E58 /* Frameworks */ = {
			isa = PBXFrameworksBuildPhase;
			buildActionMask = 2147483647;
			files = (
				A9C34E29064B2098C77ED13F /* Pods_cmtt_test.framework in Frameworks */,
			);
			runOnlyForDeploymentPostprocessing = 0;
		};
/* End PBXFrameworksBuildPhase section */

/* Begin PBXGroup section */
		2502298A26B0154B00340E58 = {
			isa = PBXGroup;
			children = (
				2502299526B0154B00340E58 /* cmtt-test */,
				2502299426B0154B00340E58 /* Products */,
				BC68A519A9E826D7B7F70B87 /* Pods */,
				C32D7D1D680643C3BC205FD3 /* Frameworks */,
			);
			sourceTree = "<group>";
		};
		2502299426B0154B00340E58 /* Products */ = {
			isa = PBXGroup;
			children = (
				2502299326B0154B00340E58 /* cmtt-test.app */,
			);
			name = Products;
			sourceTree = "<group>";
		};
		2502299526B0154B00340E58 /* cmtt-test */ = {
			isa = PBXGroup;
			children = (
				2502299626B0154B00340E58 /* AppDelegate.swift */,
				2502299826B0154B00340E58 /* SceneDelegate.swift */,
				2542CF5826B2C48E00DB6BE9 /* Extension */,
				2542CF5726B2C47D00DB6BE9 /* API */,
				2542CF5626B2C47100DB6BE9 /* Model */,
				2542CF5526B2C46100DB6BE9 /* ViewModel */,
				2542CF5426B2C44A00DB6BE9 /* View */,
				2502299A26B0154B00340E58 /* ViewController.swift */,
				2502299F26B0154F00340E58 /* Assets.xcassets */,
				250229A126B0154F00340E58 /* LaunchScreen.storyboard */,
				250229A426B0154F00340E58 /* Info.plist */,
			);
			path = "cmtt-test";
			sourceTree = "<group>";
		};
		2542CF5426B2C44A00DB6BE9 /* View */ = {
			isa = PBXGroup;
			children = (
				250229AC26B0189200340E58 /* CollectionViewCell.swift */,
			);
			path = View;
			sourceTree = "<group>";
		};
		2542CF5526B2C46100DB6BE9 /* ViewModel */ = {
			isa = PBXGroup;
			children = (
				2542CF5926B2C51900DB6BE9 /* PostViewModel.swift */,
			);
			path = ViewModel;
			sourceTree = "<group>";
		};
		2542CF5626B2C47100DB6BE9 /* Model */ = {
			isa = PBXGroup;
			children = (
				250229AE26B01DF000340E58 /* PostModel.swift */,
			);
			path = Model;
			sourceTree = "<group>";
		};
		2542CF5726B2C47D00DB6BE9 /* API */ = {
			isa = PBXGroup;
			children = (
				25A08B7626B1A25600FC5933 /* API Service.swift */,
			);
			path = API;
			sourceTree = "<group>";
		};
		2542CF5826B2C48E00DB6BE9 /* Extension */ = {
			isa = PBXGroup;
			children = (
				250229AA26B0174600340E58 /* AllExtensions.swift */,
			);
			path = Extension;
			sourceTree = "<group>";
		};
		BC68A519A9E826D7B7F70B87 /* Pods */ = {
			isa = PBXGroup;
			children = (
				DDF280E9246123DE4785C299 /* Pods-cmtt-test.debug.xcconfig */,
				7AB5EC1A1B297ED0D1BED2A6 /* Pods-cmtt-test.release.xcconfig */,
			);
			path = Pods;
			sourceTree = "<group>";
		};
		C32D7D1D680643C3BC205FD3 /* Frameworks */ = {
			isa = PBXGroup;
			children = (
				6B8C316CF836834BA1F560F1 /* Pods_cmtt_test.framework */,
			);
			name = Frameworks;
			sourceTree = "<group>";
		};
/* End PBXGroup section */

/* Begin PBXNativeTarget section */
		2502299226B0154B00340E58 /* cmtt-test */ = {
			isa = PBXNativeTarget;
			buildConfigurationList = 250229A726B0154F00340E58 /* Build configuration list for PBXNativeTarget "cmtt-test" */;
			buildPhases = (
				9ECB46406B1BC9604634D7A9 /* [CP] Check Pods Manifest.lock */,
				2502298F26B0154B00340E58 /* Sources */,
				2502299026B0154B00340E58 /* Frameworks */,
				2502299126B0154B00340E58 /* Resources */,
				2CECD12B0CA9ADC72F0D2790 /* [CP] Embed Pods Frameworks */,
			);
			buildRules = (
			);
			dependencies = (
			);
			name = "cmtt-test";
			productName = "cmtt-test";
			productReference = 2502299326B0154B00340E58 /* cmtt-test.app */;
			productType = "com.apple.product-type.application";
		};
/* End PBXNativeTarget section */

/* Begin PBXProject section */
		2502298B26B0154B00340E58 /* Project object */ = {
			isa = PBXProject;
			attributes = {
				LastSwiftUpdateCheck = 1250;
				LastUpgradeCheck = 1250;
				TargetAttributes = {
					2502299226B0154B00340E58 = {
						CreatedOnToolsVersion = 12.5.1;
					};
				};
			};
			buildConfigurationList = 2502298E26B0154B00340E58 /* Build configuration list for PBXProject "cmtt-test" */;
			compatibilityVersion = "Xcode 9.3";
			developmentRegion = en;
			hasScannedForEncodings = 0;
			knownRegions = (
				en,
				Base,
			);
			mainGroup = 2502298A26B0154B00340E58;
			productRefGroup = 2502299426B0154B00340E58 /* Products */;
			projectDirPath = "";
			projectRoot = "";
			targets = (
				2502299226B0154B00340E58 /* cmtt-test */,
			);
		};
/* End PBXProject section */

/* Begin PBXResourcesBuildPhase section */
		2502299126B0154B00340E58 /* Resources */ = {
			isa = PBXResourcesBuildPhase;
			buildActionMask = 2147483647;
			files = (
				250229A326B0154F00340E58 /* LaunchScreen.storyboard in Resources */,
				250229A026B0154F00340E58 /* Assets.xcassets in Resources */,
			);
			runOnlyForDeploymentPostprocessing = 0;
		};
/* End PBXResourcesBuildPhase section */

/* Begin PBXShellScriptBuildPhase section */
		2CECD12B0CA9ADC72F0D2790 /* [CP] Embed Pods Frameworks */ = {
			isa = PBXShellScriptBuildPhase;
			buildActionMask = 2147483647;
			files = (
			);
			inputFileListPaths = (
				"${PODS_ROOT}/Target Support Files/Pods-cmtt-test/Pods-cmtt-test-frameworks-${CONFIGURATION}-input-files.xcfilelist",
			);
			name = "[CP] Embed Pods Frameworks";
			outputFileListPaths = (
				"${PODS_ROOT}/Target Support Files/Pods-cmtt-test/Pods-cmtt-test-frameworks-${CONFIGURATION}-output-files.xcfilelist",
			);
			runOnlyForDeploymentPostprocessing = 0;
			shellPath = /bin/sh;
			shellScript = "\"${PODS_ROOT}/Target Support Files/Pods-cmtt-test/Pods-cmtt-test-frameworks.sh\"\n";
			showEnvVarsInLog = 0;
		};
		9ECB46406B1BC9604634D7A9 /* [CP] Check Pods Manifest.lock */ = {
			isa = PBXShellScriptBuildPhase;
			buildActionMask = 2147483647;
			files = (
			);
			inputFileListPaths = (
			);
			inputPaths = (
				"${PODS_PODFILE_DIR_PATH}/Podfile.lock",
				"${PODS_ROOT}/Manifest.lock",
			);
			name = "[CP] Check Pods Manifest.lock";
			outputFileListPaths = (
			);
			outputPaths = (
				"$(DERIVED_FILE_DIR)/Pods-cmtt-test-checkManifestLockResult.txt",
			);
			runOnlyForDeploymentPostprocessing = 0;
			shellPath = /bin/sh;
			shellScript = "diff \"${PODS_PODFILE_DIR_PATH}/Podfile.lock\" \"${PODS_ROOT}/Manifest.lock\" > /dev/null\nif [ $? != 0 ] ; then\n    # print error to STDERR\n    echo \"error: The sandbox is not in sync with the Podfile.lock. Run 'pod install' or update your CocoaPods installation.\" >&2\n    exit 1\nfi\n# This output is used by Xcode 'outputs' to avoid re-running this script phase.\necho \"SUCCESS\" > \"${SCRIPT_OUTPUT_FILE_0}\"\n";
			showEnvVarsInLog = 0;
		};
/* End PBXShellScriptBuildPhase section */

/* Begin PBXSourcesBuildPhase section */
		2502298F26B0154B00340E58 /* Sources */ = {
			isa = PBXSourcesBuildPhase;
			buildActionMask = 2147483647;
			files = (
				2542CF5A26B2C51900DB6BE9 /* PostViewModel.swift in Sources */,
				250229AD26B0189200340E58 /* CollectionViewCell.swift in Sources */,
				250229AF26B01DF000340E58 /* PostModel.swift in Sources */,
				250229AB26B0174600340E58 /* AllExtensions.swift in Sources */,
				2502299B26B0154B00340E58 /* ViewController.swift in Sources */,
				25A08B7726B1A25600FC5933 /* API Service.swift in Sources */,
				2502299726B0154B00340E58 /* AppDelegate.swift in Sources */,
				2502299926B0154B00340E58 /* SceneDelegate.swift in Sources */,
			);
			runOnlyForDeploymentPostprocessing = 0;
		};
/* End PBXSourcesBuildPhase section */

/* Begin PBXVariantGroup section */
		250229A126B0154F00340E58 /* LaunchScreen.storyboard */ = {
			isa = PBXVariantGroup;
			children = (
				250229A226B0154F00340E58 /* Base */,
			);
			name = LaunchScreen.storyboard;
			sourceTree = "<group>";
		};
/* End PBXVariantGroup section */

/* Begin XCBuildConfiguration section */
		250229A526B0154F00340E58 /* Debug */ = {
			isa = XCBuildConfiguration;
			buildSettings = {
				ALWAYS_SEARCH_USER_PATHS = NO;
				CLANG_ANALYZER_NONNULL = YES;
				CLANG_ANALYZER_NUMBER_OBJECT_CONVERSION = YES_AGGRESSIVE;
				CLANG_CXX_LANGUAGE_STANDARD = "gnu++14";
				CLANG_CXX_LIBRARY = "libc++";
				CLANG_ENABLE_MODULES = YES;
				CLANG_ENABLE_OBJC_ARC = YES;
				CLANG_ENABLE_OBJC_WEAK = YES;
				CLANG_WARN_BLOCK_CAPTURE_AUTORELEASING = YES;
				CLANG_WARN_BOOL_CONVERSION = YES;
				CLANG_WARN_COMMA = YES;
				CLANG_WARN_CONSTANT_CONVERSION = YES;
				CLANG_WARN_DEPRECATED_OBJC_IMPLEMENTATIONS = YES;
				CLANG_WARN_DIRECT_OBJC_ISA_USAGE = YES_ERROR;
				CLANG_WARN_DOCUMENTATION_COMMENTS = YES;
				CLANG_WARN_EMPTY_BODY = YES;
				CLANG_WARN_ENUM_CONVERSION = YES;
				CLANG_WARN_INFINITE_RECURSION = YES;
				CLANG_WARN_INT_CONVERSION = YES;
				CLANG_WARN_NON_LITERAL_NULL_CONVERSION = YES;
				CLANG_WARN_OBJC_IMPLICIT_RETAIN_SELF = YES;
				CLANG_WARN_OBJC_LITERAL_CONVERSION = YES;
				CLANG_WARN_OBJC_ROOT_CLASS = YES_ERROR;
				CLANG_WARN_QUOTED_INCLUDE_IN_FRAMEWORK_HEADER = YES;
				CLANG_WARN_RANGE_LOOP_ANALYSIS = YES;
				CLANG_WARN_STRICT_PROTOTYPES = YES;
				CLANG_WARN_SUSPICIOUS_MOVE = YES;
				CLANG_WARN_UNGUARDED_AVAILABILITY = YES_AGGRESSIVE;
				CLANG_WARN_UNREACHABLE_CODE = YES;
				CLANG_WARN__DUPLICATE_METHOD_MATCH = YES;
				COPY_PHASE_STRIP = NO;
				DEBUG_INFORMATION_FORMAT = dwarf;
				ENABLE_STRICT_OBJC_MSGSEND = YES;
				ENABLE_TESTABILITY = YES;
				GCC_C_LANGUAGE_STANDARD = gnu11;
				GCC_DYNAMIC_NO_PIC = NO;
				GCC_NO_COMMON_BLOCKS = YES;
				GCC_OPTIMIZATION_LEVEL = 0;
				GCC_PREPROCESSOR_DEFINITIONS = (
					"DEBUG=1",
					"$(inherited)",
				);
				GCC_WARN_64_TO_32_BIT_CONVERSION = YES;
				GCC_WARN_ABOUT_RETURN_TYPE = YES_ERROR;
				GCC_WARN_UNDECLARED_SELECTOR = YES;
				GCC_WARN_UNINITIALIZED_AUTOS = YES_AGGRESSIVE;
				GCC_WARN_UNUSED_FUNCTION = YES;
				GCC_WARN_UNUSED_VARIABLE = YES;
				IPHONEOS_DEPLOYMENT_TARGET = 13.0;
				MTL_ENABLE_DEBUG_INFO = INCLUDE_SOURCE;
				MTL_FAST_MATH = YES;
				ONLY_ACTIVE_ARCH = YES;
				SDKROOT = iphoneos;
				SWIFT_ACTIVE_COMPILATION_CONDITIONS = DEBUG;
				SWIFT_OPTIMIZATION_LEVEL = "-Onone";
			};
			name = Debug;
		};
		250229A626B0154F00340E58 /* Release */ = {
			isa = XCBuildConfiguration;
			buildSettings = {
				ALWAYS_SEARCH_USER_PATHS = NO;
				CLANG_ANALYZER_NONNULL = YES;
				CLANG_ANALYZER_NUMBER_OBJECT_CONVERSION = YES_AGGRESSIVE;
				CLANG_CXX_LANGUAGE_STANDARD = "gnu++14";
				CLANG_CXX_LIBRARY = "libc++";
				CLANG_ENABLE_MODULES = YES;
				CLANG_ENABLE_OBJC_ARC = YES;
				CLANG_ENABLE_OBJC_WEAK = YES;
				CLANG_WARN_BLOCK_CAPTURE_AUTORELEASING = YES;
				CLANG_WARN_BOOL_CONVERSION = YES;
				CLANG_WARN_COMMA = YES;
				CLANG_WARN_CONSTANT_CONVERSION = YES;
				CLANG_WARN_DEPRECATED_OBJC_IMPLEMENTATIONS = YES;
				CLANG_WARN_DIRECT_OBJC_ISA_USAGE = YES_ERROR;
				CLANG_WARN_DOCUMENTATION_COMMENTS = YES;
				CLANG_WARN_EMPTY_BODY = YES;
				CLANG_WARN_ENUM_CONVERSION = YES;
				CLANG_WARN_INFINITE_RECURSION = YES;
				CLANG_WARN_INT_CONVERSION = YES;
				CLANG_WARN_NON_LITERAL_NULL_CONVERSION = YES;
				CLANG_WARN_OBJC_IMPLICIT_RETAIN_SELF = YES;
				CLANG_WARN_OBJC_LITERAL_CONVERSION = YES;
				CLANG_WARN_OBJC_ROOT_CLASS = YES_ERROR;
				CLANG_WARN_QUOTED_INCLUDE_IN_FRAMEWORK_HEADER = YES;
				CLANG_WARN_RANGE_LOOP_ANALYSIS = YES;
				CLANG_WARN_STRICT_PROTOTYPES = YES;
				CLANG_WARN_SUSPICIOUS_MOVE = YES;
				CLANG_WARN_UNGUARDED_AVAILABILITY = YES_AGGRESSIVE;
				CLANG_WARN_UNREACHABLE_CODE = YES;
				CLANG_WARN__DUPLICATE_METHOD_MATCH = YES;
				COPY_PHASE_STRIP = NO;
				DEBUG_INFORMATION_FORMAT = "dwarf-with-dsym";
				ENABLE_NS_ASSERTIONS = NO;
				ENABLE_STRICT_OBJC_MSGSEND = YES;
				GCC_C_LANGUAGE_STANDARD = gnu11;
				GCC_NO_COMMON_BLOCKS = YES;
				GCC_WARN_64_TO_32_BIT_CONVERSION = YES;
				GCC_WARN_ABOUT_RETURN_TYPE = YES_ERROR;
				GCC_WARN_UNDECLARED_SELECTOR = YES;
				GCC_WARN_UNINITIALIZED_AUTOS = YES_AGGRESSIVE;
				GCC_WARN_UNUSED_FUNCTION = YES;
				GCC_WARN_UNUSED_VARIABLE = YES;
				IPHONEOS_DEPLOYMENT_TARGET = 13.0;
				MTL_ENABLE_DEBUG_INFO = NO;
				MTL_FAST_MATH = YES;
				SDKROOT = iphoneos;
				SWIFT_COMPILATION_MODE = wholemodule;
				SWIFT_OPTIMIZATION_LEVEL = "-O";
				VALIDATE_PRODUCT = YES;
			};
			name = Release;
		};
		250229A826B0154F00340E58 /* Debug */ = {
			isa = XCBuildConfiguration;
			baseConfigurationReference = DDF280E9246123DE4785C299 /* Pods-cmtt-test.debug.xcconfig */;
			buildSettings = {
				ASSETCATALOG_COMPILER_APPICON_NAME = AppIcon;
				ASSETCATALOG_COMPILER_GLOBAL_ACCENT_COLOR_NAME = AccentColor;
				CODE_SIGN_STYLE = Automatic;
				DEVELOPMENT_TEAM = G3M7ZA8M45;
				INFOPLIST_FILE = "cmtt-test/Info.plist";
				LD_RUNPATH_SEARCH_PATHS = (
					"$(inherited)",
					"@executable_path/Frameworks",
				);
				PRODUCT_BUNDLE_IDENTIFIER = "Alexei-Mashkov.cmtt-test";
				PRODUCT_NAME = "$(TARGET_NAME)";
				SWIFT_VERSION = 5.0;
				TARGETED_DEVICE_FAMILY = "1,2";
			};
			name = Debug;
		};
		250229A926B0154F00340E58 /* Release */ = {
			isa = XCBuildConfiguration;
			baseConfigurationReference = 7AB5EC1A1B297ED0D1BED2A6 /* Pods-cmtt-test.release.xcconfig */;
			buildSettings = {
				ASSETCATALOG_COMPILER_APPICON_NAME = AppIcon;
				ASSETCATALOG_COMPILER_GLOBAL_ACCENT_COLOR_NAME = AccentColor;
				CODE_SIGN_STYLE = Automatic;
				DEVELOPMENT_TEAM = G3M7ZA8M45;
				INFOPLIST_FILE = "cmtt-test/Info.plist";
				LD_RUNPATH_SEARCH_PATHS = (
					"$(inherited)",
					"@executable_path/Frameworks",
				);
				PRODUCT_BUNDLE_IDENTIFIER = "Alexei-Mashkov.cmtt-test";
				PRODUCT_NAME = "$(TARGET_NAME)";
				SWIFT_VERSION = 5.0;
				TARGETED_DEVICE_FAMILY = "1,2";
			};
			name = Release;
		};
/* End XCBuildConfiguration section */

/* Begin XCConfigurationList section */
		2502298E26B0154B00340E58 /* Build configuration list for PBXProject "cmtt-test" */ = {
			isa = XCConfigurationList;
			buildConfigurations = (
				250229A526B0154F00340E58 /* Debug */,
				250229A626B0154F00340E58 /* Release */,
			);
			defaultConfigurationIsVisible = 0;
			defaultConfigurationName = Release;
		};
		250229A726B0154F00340E58 /* Build configuration list for PBXNativeTarget "cmtt-test" */ = {
			isa = XCConfigurationList;
			buildConfigurations = (
				250229A826B0154F00340E58 /* Debug */,
				250229A926B0154F00340E58 /* Release */,
			);
			defaultConfigurationIsVisible = 0;
			defaultConfigurationName = Release;
		};
/* End XCConfigurationList section */
	};
	rootObject = 2502298B26B0154B00340E58 /* Project object */;
}
